// !$*UTF8*$!
{
	archiveVersion = 1;
	classes = {
	};
	objectVersion = 50;
	objects = {

/* Begin PBXBuildFile section */
		21BF623B26949ED8008F9925 /* AppDelegate.swift in Sources */ = {isa = PBXBuildFile; fileRef = 21BF623A26949ED8008F9925 /* AppDelegate.swift */; };
		21BF623D26949ED8008F9925 /* SceneDelegate.swift in Sources */ = {isa = PBXBuildFile; fileRef = 21BF623C26949ED8008F9925 /* SceneDelegate.swift */; };
		21BF623F26949ED8008F9925 /* ViewController.swift in Sources */ = {isa = PBXBuildFile; fileRef = 21BF623E26949ED8008F9925 /* ViewController.swift */; };
		21BF624226949ED8008F9925 /* Main.storyboard in Resources */ = {isa = PBXBuildFile; fileRef = 21BF624026949ED8008F9925 /* Main.storyboard */; };
		21BF624426949ED8008F9925 /* Assets.xcassets in Resources */ = {isa = PBXBuildFile; fileRef = 21BF624326949ED8008F9925 /* Assets.xcassets */; };
		21BF624726949ED8008F9925 /* LaunchScreen.storyboard in Resources */ = {isa = PBXBuildFile; fileRef = 21BF624526949ED8008F9925 /* LaunchScreen.storyboard */; };
		21BF624F2694A1DF008F9925 /* OtherViewController.swift in Sources */ = {isa = PBXBuildFile; fileRef = 21BF624E2694A1DF008F9925 /* OtherViewController.swift */; };
/* End PBXBuildFile section */

/* Begin PBXFileReference section */
		21BF623726949ED8008F9925 /* tableView_pass data between 2 ViewControllers.app */ = {isa = PBXFileReference; explicitFileType = wrapper.application; includeInIndex = 0; path = "tableView_pass data between 2 ViewControllers.app"; sourceTree = BUILT_PRODUCTS_DIR; };
		21BF623A26949ED8008F9925 /* AppDelegate.swift */ = {isa = PBXFileReference; lastKnownFileType = sourcecode.swift; path = AppDelegate.swift; sourceTree = "<group>"; };
		21BF623C26949ED8008F9925 /* SceneDelegate.swift */ = {isa = PBXFileReference; lastKnownFileType = sourcecode.swift; path = SceneDelegate.swift; sourceTree = "<group>"; };
		21BF623E26949ED8008F9925 /* ViewController.swift */ = {isa = PBXFileReference; lastKnownFileType = sourcecode.swift; path = ViewController.swift; sourceTree = "<group>"; };
		21BF624126949ED8008F9925 /* Base */ = {isa = PBXFileReference; lastKnownFileType = file.storyboard; name = Base; path = Base.lproj/Main.storyboard; sourceTree = "<group>"; };
		21BF624326949ED8008F9925 /* Assets.xcassets */ = {isa = PBXFileReference; lastKnownFileType = folder.assetcatalog; path = Assets.xcassets; sourceTree = "<group>"; };
		21BF624626949ED8008F9925 /* Base */ = {isa = PBXFileReference; lastKnownFileType = file.storyboard; name = Base; path = Base.lproj/LaunchScreen.storyboard; sourceTree = "<group>"; };
		21BF624826949ED8008F9925 /* Info.plist */ = {isa = PBXFileReference; lastKnownFileType = text.plist.xml; path = Info.plist; sourceTree = "<group>"; };
		21BF624E2694A1DF008F9925 /* OtherViewController.swift */ = {isa = PBXFileReference; lastKnownFileType = sourcecode.swift; path = OtherViewController.swift; sourceTree = "<group>"; };
/* End PBXFileReference section */

/* Begin PBXFrameworksBuildPhase section */
		21BF623426949ED8008F9925 /* Frameworks */ = {
			isa = PBXFrameworksBuildPhase;
			buildActionMask = 2147483647;
			files = (
			);
			runOnlyForDeploymentPostprocessing = 0;
		};
/* End PBXFrameworksBuildPhase section */

/* Begin PBXGroup section */
		21BF622E26949ED7008F9925 = {
			isa = PBXGroup;
			children = (
				21BF623926949ED8008F9925 /* tableView_pass data between 2 ViewControllers */,
				21BF623826949ED8008F9925 /* Products */,
			);
			sourceTree = "<group>";
		};
		21BF623826949ED8008F9925 /* Products */ = {
			isa = PBXGroup;
			children = (
				21BF623726949ED8008F9925 /* tableView_pass data between 2 ViewControllers.app */,
			);
			name = Products;
			sourceTree = "<group>";
		};
		21BF623926949ED8008F9925 /* tableView_pass data between 2 ViewControllers */ = {
			isa = PBXGroup;
			children = (
				21BF623A26949ED8008F9925 /* AppDelegate.swift */,
				21BF623C26949ED8008F9925 /* SceneDelegate.swift */,
				21BF623E26949ED8008F9925 /* ViewController.swift */,
				21BF624026949ED8008F9925 /* Main.storyboard */,
				21BF624326949ED8008F9925 /* Assets.xcassets */,
				21BF624526949ED8008F9925 /* LaunchScreen.storyboard */,
				21BF624826949ED8008F9925 /* Info.plist */,
				21BF624E2694A1DF008F9925 /* OtherViewController.swift */,
			);
			path = "tableView_pass data between 2 ViewControllers";
			sourceTree = "<group>";
		};
/* End PBXGroup section */

/* Begin PBXNativeTarget section */
		21BF623626949ED8008F9925 /* tableView_pass data between 2 ViewControllers */ = {
			isa = PBXNativeTarget;
			buildConfigurationList = 21BF624B26949ED8008F9925 /* Build configuration list for PBXNativeTarget "tableView_pass data between 2 ViewControllers" */;
			buildPhases = (
				21BF623326949ED8008F9925 /* Sources */,
				21BF623426949ED8008F9925 /* Frameworks */,
				21BF623526949ED8008F9925 /* Resources */,
			);
			buildRules = (
			);
			dependencies = (
			);
			name = "tableView_pass data between 2 ViewControllers";
			productName = "tableView_pass data between 2 ViewControllers";
			productReference = 21BF623726949ED8008F9925 /* tableView_pass data between 2 ViewControllers.app */;
			productType = "com.apple.product-type.application";
		};
/* End PBXNativeTarget section */

/* Begin PBXProject section */
		21BF622F26949ED7008F9925 /* Project object */ = {
			isa = PBXProject;
			attributes = {
				LastSwiftUpdateCheck = 1250;
				LastUpgradeCheck = 1250;
				TargetAttributes = {
					21BF623626949ED8008F9925 = {
						CreatedOnToolsVersion = 12.5.1;
					};
				};
			};
			buildConfigurationList = 21BF623226949ED7008F9925 /* Build configuration list for PBXProject "tableView_pass data between 2 ViewControllers" */;
			compatibilityVersion = "Xcode 9.3";
			developmentRegion = en;
			hasScannedForEncodings = 0;
			knownRegions = (
				en,
				Base,
			);
			mainGroup = 21BF622E26949ED7008F9925;
			productRefGroup = 21BF623826949ED8008F9925 /* Products */;
			projectDirPath = "";
			projectRoot = "";
			targets = (
				21BF623626949ED8008F9925 /* tableView_pass data between 2 ViewControllers */,
			);
		};
/* End PBXProject section */

/* Begin PBXResourcesBuildPhase section */
		21BF623526949ED8008F9925 /* Resources */ = {
			isa = PBXResourcesBuildPhase;
			buildActionMask = 2147483647;
			files = (
				21BF624726949ED8008F9925 /* LaunchScreen.storyboard in Resources */,
				21BF624426949ED8008F9925 /* Assets.xcassets in Resources */,
				21BF624226949ED8008F9925 /* Main.storyboard in Resources */,
			);
			runOnlyForDeploymentPostprocessing = 0;
		};
/* End PBXResourcesBuildPhase section */

/* Begin PBXSourcesBuildPhase section */
		21BF623326949ED8008F9925 /* Sources */ = {
			isa = PBXSourcesBuildPhase;
			buildActionMask = 2147483647;
			files = (
				21BF623F26949ED8008F9925 /* ViewController.swift in Sources */,
				21BF624F2694A1DF008F9925 /* OtherViewController.swift in Sources */,
				21BF623B26949ED8008F9925 /* AppDelegate.swift in Sources */,
				21BF623D26949ED8008F9925 /* SceneDelegate.swift in Sources */,
			);
			runOnlyForDeploymentPostprocessing = 0;
		};
/* End PBXSourcesBuildPhase section */

/* Begin PBXVariantGroup section */
		21BF624026949ED8008F9925 /* Main.storyboard */ = {
			isa = PBXVariantGroup;
			children = (
				21BF624126949ED8008F9925 /* Base */,
			);
			name = Main.storyboard;
			sourceTree = "<group>";
		};
		21BF624526949ED8008F9925 /* LaunchScreen.storyboard */ = {
			isa = PBXVariantGroup;
			children = (
				21BF624626949ED8008F9925 /* Base */,
			);
			name = LaunchScreen.storyboard;
			sourceTree = "<group>";
		};
/* End PBXVariantGroup section */

/* Begin XCBuildConfiguration section */
		21BF624926949ED8008F9925 /* Debug */ = {
			isa = XCBuildConfiguration;
			buildSettings = {
				ALWAYS_SEARCH_USER_PATHS = NO;
				CLANG_ANALYZER_NONNULL = YES;
				CLANG_ANALYZER_NUMBER_OBJECT_CONVERSION = YES_AGGRESSIVE;
				CLANG_CXX_LANGUAGE_STANDARD = "gnu++14";
				CLANG_CXX_LIBRARY = "libc++";
				CLANG_ENABLE_MODULES = YES;
				CLANG_ENABLE_OBJC_ARC = YES;
				CLANG_ENABLE_OBJC_WEAK = YES;
				CLANG_WARN_BLOCK_CAPTURE_AUTORELEASING = YES;
				CLANG_WARN_BOOL_CONVERSION = YES;
				CLANG_WARN_COMMA = YES;
				CLANG_WARN_CONSTANT_CONVERSION = YES;
				CLANG_WARN_DEPRECATED_OBJC_IMPLEMENTATIONS = YES;
				CLANG_WARN_DIRECT_OBJC_ISA_USAGE = YES_ERROR;
				CLANG_WARN_DOCUMENTATION_COMMENTS = YES;
				CLANG_WARN_EMPTY_BODY = YES;
				CLANG_WARN_ENUM_CONVERSION = YES;
				CLANG_WARN_INFINITE_RECURSION = YES;
				CLANG_WARN_INT_CONVERSION = YES;
				CLANG_WARN_NON_LITERAL_NULL_CONVERSION = YES;
				CLANG_WARN_OBJC_IMPLICIT_RETAIN_SELF = YES;
				CLANG_WARN_OBJC_LITERAL_CONVERSION = YES;
				CLANG_WARN_OBJC_ROOT_CLASS = YES_ERROR;
				CLANG_WARN_QUOTED_INCLUDE_IN_FRAMEWORK_HEADER = YES;
				CLANG_WARN_RANGE_LOOP_ANALYSIS = YES;
				CLANG_WARN_STRICT_PROTOTYPES = YES;
				CLANG_WARN_SUSPICIOUS_MOVE = YES;
				CLANG_WARN_UNGUARDED_AVAILABILITY = YES_AGGRESSIVE;
				CLANG_WARN_UNREACHABLE_CODE = YES;
				CLANG_WARN__DUPLICATE_METHOD_MATCH = YES;
				COPY_PHASE_STRIP = NO;
				DEBUG_INFORMATION_FORMAT = dwarf;
				ENABLE_STRICT_OBJC_MSGSEND = YES;
				ENABLE_TESTABILITY = YES;
				GCC_C_LANGUAGE_STANDARD = gnu11;
				GCC_DYNAMIC_NO_PIC = NO;
				GCC_NO_COMMON_BLOCKS = YES;
				GCC_OPTIMIZATION_LEVEL = 0;
				GCC_PREPROCESSOR_DEFINITIONS = (
					"DEBUG=1",
					"$(inherited)",
				);
				GCC_WARN_64_TO_32_BIT_CONVERSION = YES;
				GCC_WARN_ABOUT_RETURN_TYPE = YES_ERROR;
				GCC_WARN_UNDECLARED_SELECTOR = YES;
				GCC_WARN_UNINITIALIZED_AUTOS = YES_AGGRESSIVE;
				GCC_WARN_UNUSED_FUNCTION = YES;
				GCC_WARN_UNUSED_VARIABLE = YES;
				IPHONEOS_DEPLOYMENT_TARGET = 14.5;
				MTL_ENABLE_DEBUG_INFO = INCLUDE_SOURCE;
				MTL_FAST_MATH = YES;
				ONLY_ACTIVE_ARCH = YES;
				SDKROOT = iphoneos;
				SWIFT_ACTIVE_COMPILATION_CONDITIONS = DEBUG;
				SWIFT_OPTIMIZATION_LEVEL = "-Onone";
			};
			name = Debug;
		};
		21BF624A26949ED8008F9925 /* Release */ = {
			isa = XCBuildConfiguration;
			buildSettings = {
				ALWAYS_SEARCH_USER_PATHS = NO;
				CLANG_ANALYZER_NONNULL = YES;
				CLANG_ANALYZER_NUMBER_OBJECT_CONVERSION = YES_AGGRESSIVE;
				CLANG_CXX_LANGUAGE_STANDARD = "gnu++14";
				CLANG_CXX_LIBRARY = "libc++";
				CLANG_ENABLE_MODULES = YES;
				CLANG_ENABLE_OBJC_ARC = YES;
				CLANG_ENABLE_OBJC_WEAK = YES;
				CLANG_WARN_BLOCK_CAPTURE_AUTORELEASING = YES;
				CLANG_WARN_BOOL_CONVERSION = YES;
				CLANG_WARN_COMMA = YES;
				CLANG_WARN_CONSTANT_CONVERSION = YES;
				CLANG_WARN_DEPRECATED_OBJC_IMPLEMENTATIONS = YES;
				CLANG_WARN_DIRECT_OBJC_ISA_USAGE = YES_ERROR;
				CLANG_WARN_DOCUMENTATION_COMMENTS = YES;
				CLANG_WARN_EMPTY_BODY = YES;
				CLANG_WARN_ENUM_CONVERSION = YES;
				CLANG_WARN_INFINITE_RECURSION = YES;
				CLANG_WARN_INT_CONVERSION = YES;
				CLANG_WARN_NON_LITERAL_NULL_CONVERSION = YES;
				CLANG_WARN_OBJC_IMPLICIT_RETAIN_SELF = YES;
				CLANG_WARN_OBJC_LITERAL_CONVERSION = YES;
				CLANG_WARN_OBJC_ROOT_CLASS = YES_ERROR;
				CLANG_WARN_QUOTED_INCLUDE_IN_FRAMEWORK_HEADER = YES;
				CLANG_WARN_RANGE_LOOP_ANALYSIS = YES;
				CLANG_WARN_STRICT_PROTOTYPES = YES;
				CLANG_WARN_SUSPICIOUS_MOVE = YES;
				CLANG_WARN_UNGUARDED_AVAILABILITY = YES_AGGRESSIVE;
				CLANG_WARN_UNREACHABLE_CODE = YES;
				CLANG_WARN__DUPLICATE_METHOD_MATCH = YES;
				COPY_PHASE_STRIP = NO;
				DEBUG_INFORMATION_FORMAT = "dwarf-with-dsym";
				ENABLE_NS_ASSERTIONS = NO;
				ENABLE_STRICT_OBJC_MSGSEND = YES;
				GCC_C_LANGUAGE_STANDARD = gnu11;
				GCC_NO_COMMON_BLOCKS = YES;
				GCC_WARN_64_TO_32_BIT_CONVERSION = YES;
				GCC_WARN_ABOUT_RETURN_TYPE = YES_ERROR;
				GCC_WARN_UNDECLARED_SELECTOR = YES;
				GCC_WARN_UNINITIALIZED_AUTOS = YES_AGGRESSIVE;
				GCC_WARN_UNUSED_FUNCTION = YES;
				GCC_WARN_UNUSED_VARIABLE = YES;
				IPHONEOS_DEPLOYMENT_TARGET = 14.5;
				MTL_ENABLE_DEBUG_INFO = NO;
				MTL_FAST_MATH = YES;
				SDKROOT = iphoneos;
				SWIFT_COMPILATION_MODE = wholemodule;
				SWIFT_OPTIMIZATION_LEVEL = "-O";
				VALIDATE_PRODUCT = YES;
			};
			name = Release;
		};
		21BF624C26949ED8008F9925 /* Debug */ = {
			isa = XCBuildConfiguration;
			buildSettings = {
				ASSETCATALOG_COMPILER_APPICON_NAME = AppIcon;
				ASSETCATALOG_COMPILER_GLOBAL_ACCENT_COLOR_NAME = AccentColor;
				CODE_SIGN_STYLE = Automatic;
				INFOPLIST_FILE = "tableView_pass data between 2 ViewControllers/Info.plist";
				LD_RUNPATH_SEARCH_PATHS = (
					"$(inherited)",
					"@executable_path/Frameworks",
				);
				PRODUCT_BUNDLE_IDENTIFIER = "com.KienNguyen.tableView-pass-data-between-2-ViewControllers";
				PRODUCT_NAME = "$(TARGET_NAME)";
				SWIFT_VERSION = 5.0;
				TARGETED_DEVICE_FAMILY = "1,2";
			};
			name = Debug;
		};
		21BF624D26949ED8008F9925 /* Release */ = {
			isa = XCBuildConfiguration;
			buildSettings = {
				ASSETCATALOG_COMPILER_APPICON_NAME = AppIcon;
				ASSETCATALOG_COMPILER_GLOBAL_ACCENT_COLOR_NAME = AccentColor;
				CODE_SIGN_STYLE = Automatic;
				INFOPLIST_FILE = "tableView_pass data between 2 ViewControllers/Info.plist";
				LD_RUNPATH_SEARCH_PATHS = (
					"$(inherited)",
					"@executable_path/Frameworks",
				);
				PRODUCT_BUNDLE_IDENTIFIER = "com.KienNguyen.tableView-pass-data-between-2-ViewControllers";
				PRODUCT_NAME = "$(TARGET_NAME)";
				SWIFT_VERSION = 5.0;
				TARGETED_DEVICE_FAMILY = "1,2";
			};
			name = Release;
		};
/* End XCBuildConfiguration section */

/* Begin XCConfigurationList section */
		21BF623226949ED7008F9925 /* Build configuration list for PBXProject "tableView_pass data between 2 ViewControllers" */ = {
			isa = XCConfigurationList;
			buildConfigurations = (
				21BF624926949ED8008F9925 /* Debug */,
				21BF624A26949ED8008F9925 /* Release */,
			);
			defaultConfigurationIsVisible = 0;
			defaultConfigurationName = Release;
		};
		21BF624B26949ED8008F9925 /* Build configuration list for PBXNativeTarget "tableView_pass data between 2 ViewControllers" */ = {
			isa = XCConfigurationList;
			buildConfigurations = (
				21BF624C26949ED8008F9925 /* Debug */,
				21BF624D26949ED8008F9925 /* Release */,
			);
			defaultConfigurationIsVisible = 0;
			defaultConfigurationName = Release;
		};
/* End XCConfigurationList section */
	};
	rootObject = 21BF622F26949ED7008F9925 /* Project object */;
}
